
Microsoft Visual Studio Solution File, Format Version 12.00
# Visual Studio Version 17
VisualStudioVersion = 17.2.32630.192
MinimumVisualStudioVersion = 10.0.40219.1
Project("{FAE04EC0-301F-11D3-BF4B-00C04F79EFBC}") = "demo.mvc_.net", "demo.mvc_.net.csproj", "{11E614B3-BE78-44F1-B60A-E2F7B33A86EE}"
EndProject
Global
	GlobalSection(SolutionConfigurationPlatforms) = preSolution
		Debug|Any CPU = Debug|Any CPU
		Release|Any CPU = Release|Any CPU
	EndGlobalSection
	GlobalSection(ProjectConfigurationPlatforms) = postSolution
		{11E614B3-BE78-44F1-B60A-E2F7B33A86EE}.Debug|Any CPU.ActiveCfg = Debug|Any CPU
		{11E614B3-BE78-44F1-B60A-E2F7B33A86EE}.Debug|Any CPU.Build.0 = Debug|Any CPU
		{11E614B3-BE78-44F1-B60A-E2F7B33A86EE}.Release|Any CPU.ActiveCfg = Release|Any CPU
		{11E614B3-BE78-44F1-B60A-E2F7B33A86EE}.Release|Any CPU.Build.0 = Release|Any CPU
	EndGlobalSection
	GlobalSection(SolutionProperties) = preSolution
		HideSolutionNode = FALSE
	EndGlobalSection
	GlobalSection(ExtensibilityGlobals) = postSolution
		SolutionGuid = {F7D73154-202A-4C83-ACF4-9E3B417A31AA}
	EndGlobalSection
EndGlobal
