
Microsoft Visual Studio Solution File, Format Version 12.00
# Visual Studio Version 17
VisualStudioVersion = 17.2.32630.192
MinimumVisualStudioVersion = 10.0.40219.1
Project("{FAE04EC0-301F-11D3-BF4B-00C04F79EFBC}") = "WAD_T2104E_LeQuangAnh", "WAD_T2104E_LeQuangAnh.csproj", "{1989FA38-9F9B-4E9F-98D0-A8791414370A}"
EndProject
Global
	GlobalSection(SolutionConfigurationPlatforms) = preSolution
		Debug|Any CPU = Debug|Any CPU
		Release|Any CPU = Release|Any CPU
	EndGlobalSection
	GlobalSection(ProjectConfigurationPlatforms) = postSolution
		{1989FA38-9F9B-4E9F-98D0-A8791414370A}.Debug|Any CPU.ActiveCfg = Debug|Any CPU
		{1989FA38-9F9B-4E9F-98D0-A8791414370A}.Debug|Any CPU.Build.0 = Debug|Any CPU
		{1989FA38-9F9B-4E9F-98D0-A8791414370A}.Release|Any CPU.ActiveCfg = Release|Any CPU
		{1989FA38-9F9B-4E9F-98D0-A8791414370A}.Release|Any CPU.Build.0 = Release|Any CPU
	EndGlobalSection
	GlobalSection(SolutionProperties) = preSolution
		HideSolutionNode = FALSE
	EndGlobalSection
	GlobalSection(ExtensibilityGlobals) = postSolution
		SolutionGuid = {DC613F8A-B658-42F8-81F3-6EB9735F0D8D}
	EndGlobalSection
EndGlobal
